
Microsoft Visual Studio Solution File, Format Version 12.00
# Visual Studio Version 16
VisualStudioVersion = 16.0.32510.428
MinimumVisualStudioVersion = 10.0.40219.1
Project("{FAE04EC0-301F-11D3-BF4B-00C04F79EFBC}") = "ConsoleAppEjercicio22b", "ConsoleAppEjercicio22b\ConsoleAppEjercicio22b.csproj", "{F29B8EF3-845A-4067-936A-E09E277BC9C3}"
EndProject
Global
	GlobalSection(SolutionConfigurationPlatforms) = preSolution
		Debug|Any CPU = Debug|Any CPU
		Release|Any CPU = Release|Any CPU
	EndGlobalSection
	GlobalSection(ProjectConfigurationPlatforms) = postSolution
		{F29B8EF3-845A-4067-936A-E09E277BC9C3}.Debug|Any CPU.ActiveCfg = Debug|Any CPU
		{F29B8EF3-845A-4067-936A-E09E277BC9C3}.Debug|Any CPU.Build.0 = Debug|Any CPU
		{F29B8EF3-845A-4067-936A-E09E277BC9C3}.Release|Any CPU.ActiveCfg = Release|Any CPU
		{F29B8EF3-845A-4067-936A-E09E277BC9C3}.Release|Any CPU.Build.0 = Release|Any CPU
	EndGlobalSection
	GlobalSection(SolutionProperties) = preSolution
		HideSolutionNode = FALSE
	EndGlobalSection
	GlobalSection(ExtensibilityGlobals) = postSolution
		SolutionGuid = {23265FEA-9057-4F4F-9C6A-D9095DCA6AB9}
	EndGlobalSection
EndGlobal
